PODS:
  - BlocksKit (2.2.5):
    - BlocksKit/All (= 2.2.5)
  - BlocksKit/All (2.2.5):
    - BlocksKit/Core
    - BlocksKit/DynamicDelegate
    - BlocksKit/MessageUI
    - BlocksKit/UIKit
  - BlocksKit/Core (2.2.5)
  - BlocksKit/DynamicDelegate (2.2.5)
  - BlocksKit/MessageUI (2.2.5):
    - BlocksKit/Core
    - BlocksKit/DynamicDelegate
  - BlocksKit/UIKit (2.2.5):
    - BlocksKit/Core
    - BlocksKit/DynamicDelegate
  - JKCustomLoader (1.0)
  - JKSecretAnimatingLabel (1.0)
  - JKSexyOptionsOpener (0.2.0)
  - SAMTextView (0.2.2)

DEPENDENCIES:
  - BlocksKit (~> 2.2)
  - JKCustomLoader (from `git@github.com:jayesh15111988/JKCustomLoader.git`, branch
    `master`)
  - JKSecretAnimatingLabel (from `git@github.com:jayesh15111988/JKSecretAnimatingLabel.git`,
    branch `master`)
  - JKSexyOptionsOpener (from `https://github.com/jayesh15111988/JKSexyOptionsOpener`,
    branch `master`)
  - SAMTextView

EXTERNAL SOURCES:
  JKCustomLoader:
    :branch: master
    :git: git@github.com:jayesh15111988/JKCustomLoader.git
  JKSecretAnimatingLabel:
    :branch: master
    :git: git@github.com:jayesh15111988/JKSecretAnimatingLabel.git
  JKSexyOptionsOpener:
    :branch: master
    :git: https://github.com/jayesh15111988/JKSexyOptionsOpener

CHECKOUT OPTIONS:
  JKCustomLoader:
    :commit: 64033a29c7a6ca5ea8ef9cd40b4bbb4f78667ed8
    :git: git@github.com:jayesh15111988/JKCustomLoader.git
  JKSecretAnimatingLabel:
    :commit: f318e511acfe0766bbaf346d6bd4582d83106f05
    :git: git@github.com:jayesh15111988/JKSecretAnimatingLabel.git
  JKSexyOptionsOpener:
    :commit: 586b6388f1d32e0890763e5ca7c79514856ac2cb
    :git: https://github.com/jayesh15111988/JKSexyOptionsOpener

SPEC CHECKSUMS:
  BlocksKit: 7f422b971407001178d181a43b99014ea2591fe6
  JKCustomLoader: 62a1463ada06093e1d4accbecf21ad2e3f507308
  JKSecretAnimatingLabel: 8a902dd9c5ff9f4bbd67d1c07061e7d7dfd876f9
  JKSexyOptionsOpener: ce2dd62a9edfe90fe87d5e4bf5a0bc779c826f1e
  SAMTextView: 979c43bb1fa5859ddfbfeb35e9c296a2b0ec55fd

COCOAPODS: 0.36.3
